// !$*UTF8*$!
{
	archiveVersion = 1;
	classes = {
	};
	objectVersion = 55;
	objects = {

/* Begin PBXBuildFile section */
		C35D0C7F2AB5B95E00214086 /* UserKeysSaver.swift in Sources */ = {isa = PBXBuildFile; fileRef = C35D0C7E2AB5B95E00214086 /* UserKeysSaver.swift */; };
		C35D0C832AB5BD3C00214086 /* SettingsViewModelTests.swift in Sources */ = {isa = PBXBuildFile; fileRef = C35D0C822AB5BD3C00214086 /* SettingsViewModelTests.swift */; };
		C35D0C852AB5C17200214086 /* ArticleObjectTests.swift in Sources */ = {isa = PBXBuildFile; fileRef = C35D0C842AB5C17200214086 /* ArticleObjectTests.swift */; };
		C35D0C892AB5E13B00214086 /* SettingsViewTests.swift in Sources */ = {isa = PBXBuildFile; fileRef = C35D0C882AB5E13B00214086 /* SettingsViewTests.swift */; };
		C35D0C8B2AB5E5C700214086 /* NewsViewTests.swift in Sources */ = {isa = PBXBuildFile; fileRef = C35D0C8A2AB5E5C700214086 /* NewsViewTests.swift */; };
		C35D0C8E2AB5E87A00214086 /* MockCoordinator.swift in Sources */ = {isa = PBXBuildFile; fileRef = C35D0C8D2AB5E87A00214086 /* MockCoordinator.swift */; };
		C35D0C972AB5F6CC00214086 /* SnapKit in Frameworks */ = {isa = PBXBuildFile; productRef = C35D0C962AB5F6CC00214086 /* SnapKit */; };
		C35D0C9A2AB5F6D500214086 /* Kingfisher in Frameworks */ = {isa = PBXBuildFile; productRef = C35D0C992AB5F6D500214086 /* Kingfisher */; };
		C37F4C492AB462A600AEE51F /* Routable.swift in Sources */ = {isa = PBXBuildFile; fileRef = C37F4C482AB462A600AEE51F /* Routable.swift */; };
		C37F4C4B2AB4656D00AEE51F /* Router.swift in Sources */ = {isa = PBXBuildFile; fileRef = C37F4C4A2AB4656D00AEE51F /* Router.swift */; };
		C37F4C4D2AB467ED00AEE51F /* AppCoordinator.swift in Sources */ = {isa = PBXBuildFile; fileRef = C37F4C4C2AB467ED00AEE51F /* AppCoordinator.swift */; };
		C37F4C4F2AB4684F00AEE51F /* CoordinatorFactory.swift in Sources */ = {isa = PBXBuildFile; fileRef = C37F4C4E2AB4684F00AEE51F /* CoordinatorFactory.swift */; };
		C37F4C522AB4689900AEE51F /* NewsCoordinator.swift in Sources */ = {isa = PBXBuildFile; fileRef = C37F4C512AB4689900AEE51F /* NewsCoordinator.swift */; };
		C37F4C562AB4693300AEE51F /* NewsModuleBuilder.swift in Sources */ = {isa = PBXBuildFile; fileRef = C37F4C552AB4693300AEE51F /* NewsModuleBuilder.swift */; };
		C37F4C5B2AB46AC900AEE51F /* SettingsModuleBuilder.swift in Sources */ = {isa = PBXBuildFile; fileRef = C37F4C5A2AB46AC900AEE51F /* SettingsModuleBuilder.swift */; };
		C37F4C5D2AB46B1800AEE51F /* SettingsCoordinator.swift in Sources */ = {isa = PBXBuildFile; fileRef = C37F4C5C2AB46B1800AEE51F /* SettingsCoordinator.swift */; };
		C37F4C5F2AB46ED200AEE51F /* Constant.swift in Sources */ = {isa = PBXBuildFile; fileRef = C37F4C5E2AB46ED200AEE51F /* Constant.swift */; };
		C37F4C632AB46FA000AEE51F /* DatabaseService.swift in Sources */ = {isa = PBXBuildFile; fileRef = C37F4C622AB46FA000AEE51F /* DatabaseService.swift */; };
		C37F4C652AB4749C00AEE51F /* NetworkError.swift in Sources */ = {isa = PBXBuildFile; fileRef = C37F4C642AB4749C00AEE51F /* NetworkError.swift */; };
		C37F4C672AB47BC300AEE51F /* Dynamic.swift in Sources */ = {isa = PBXBuildFile; fileRef = C37F4C662AB47BC300AEE51F /* Dynamic.swift */; };
		C37F4C692AB47DE200AEE51F /* Entity.swift in Sources */ = {isa = PBXBuildFile; fileRef = C37F4C682AB47DE200AEE51F /* Entity.swift */; };
		C37F4C6B2AB488B300AEE51F /* NewsTableViewController+UITableViewDelegate.swift in Sources */ = {isa = PBXBuildFile; fileRef = C37F4C6A2AB488B300AEE51F /* NewsTableViewController+UITableViewDelegate.swift */; };
		C37F4C6D2AB488EC00AEE51F /* NewsTableViewController+UITableViewDataSource.swift in Sources */ = {isa = PBXBuildFile; fileRef = C37F4C6C2AB488EC00AEE51F /* NewsTableViewController+UITableViewDataSource.swift */; };
		C37F4C6F2AB4891800AEE51F /* NewsTableViewController+SFSafariDelegate.swift in Sources */ = {isa = PBXBuildFile; fileRef = C37F4C6E2AB4891800AEE51F /* NewsTableViewController+SFSafariDelegate.swift */; };
		C37F4C7F2AB5A68B00AEE51F /* NewsViewModelTests.swift in Sources */ = {isa = PBXBuildFile; fileRef = C37F4C7E2AB5A68B00AEE51F /* NewsViewModelTests.swift */; };
		C37F4C822AB5A6D200AEE51F /* MockNetwork.swift in Sources */ = {isa = PBXBuildFile; fileRef = C37F4C812AB5A6D200AEE51F /* MockNetwork.swift */; };
		EDA78ECE28D8D8230063777C /* ArticleObject.swift in Sources */ = {isa = PBXBuildFile; fileRef = EDA78ECD28D8D8230063777C /* ArticleObject.swift */; };
		EDBF985628DCD278001412AE /* NSManagedObject+Ext.swift in Sources */ = {isa = PBXBuildFile; fileRef = EDBF985528DCD278001412AE /* NSManagedObject+Ext.swift */; };
		EDBF985828DCE3BA001412AE /* NewsTableHeaderView.swift in Sources */ = {isa = PBXBuildFile; fileRef = EDBF985728DCE3BA001412AE /* NewsTableHeaderView.swift */; };
		EDC1CC29285201A700E6957E /* Category.swift in Sources */ = {isa = PBXBuildFile; fileRef = EDC1CC28285201A700E6957E /* Category.swift */; };
		EDC92FE8285C9743009D3D5D /* NewsCoreData.xcdatamodeld in Sources */ = {isa = PBXBuildFile; fileRef = EDC92FE6285C9743009D3D5D /* NewsCoreData.xcdatamodeld */; };
		EDD856AE2851C2C900D7A71D /* AppDelegate.swift in Sources */ = {isa = PBXBuildFile; fileRef = EDD856AD2851C2C900D7A71D /* AppDelegate.swift */; };
		EDD856B02851C2C900D7A71D /* SceneDelegate.swift in Sources */ = {isa = PBXBuildFile; fileRef = EDD856AF2851C2C900D7A71D /* SceneDelegate.swift */; };
		EDD856B22851C2C900D7A71D /* NewsTableViewController.swift in Sources */ = {isa = PBXBuildFile; fileRef = EDD856B12851C2C900D7A71D /* NewsTableViewController.swift */; };
		EDD856B72851C2CE00D7A71D /* Assets.xcassets in Resources */ = {isa = PBXBuildFile; fileRef = EDD856B62851C2CE00D7A71D /* Assets.xcassets */; };
		EDD856BA2851C2CE00D7A71D /* LaunchScreen.storyboard in Resources */ = {isa = PBXBuildFile; fileRef = EDD856B82851C2CE00D7A71D /* LaunchScreen.storyboard */; };
		EDD856C82851C35F00D7A71D /* NewsModel.swift in Sources */ = {isa = PBXBuildFile; fileRef = EDD856C72851C35F00D7A71D /* NewsModel.swift */; };
		EDD856CB2851C4BA00D7A71D /* Coordinator.swift in Sources */ = {isa = PBXBuildFile; fileRef = EDD856CA2851C4BA00D7A71D /* Coordinator.swift */; };
		EDD856CE2851C4D000D7A71D /* Coordinatable.swift in Sources */ = {isa = PBXBuildFile; fileRef = EDD856CD2851C4D000D7A71D /* Coordinatable.swift */; };
		EDD856D02851C4DF00D7A71D /* NetworkService.swift in Sources */ = {isa = PBXBuildFile; fileRef = EDD856CF2851C4DF00D7A71D /* NetworkService.swift */; };
		EDD856D82851C78900D7A71D /* NewsViewModel.swift in Sources */ = {isa = PBXBuildFile; fileRef = EDD856D72851C78900D7A71D /* NewsViewModel.swift */; };
		EDD856DC2851C87500D7A71D /* NewsCell.swift in Sources */ = {isa = PBXBuildFile; fileRef = EDD856DB2851C87500D7A71D /* NewsCell.swift */; };
		EDE8312128525EC60057DCD9 /* NewsCell+Ext.swift in Sources */ = {isa = PBXBuildFile; fileRef = EDE8312028525EC60057DCD9 /* NewsCell+Ext.swift */; };
		EDE83124285260700057DCD9 /* NewsTableViewController+Ext.swift in Sources */ = {isa = PBXBuildFile; fileRef = EDE83123285260700057DCD9 /* NewsTableViewController+Ext.swift */; };
		EDE8312F28532A420057DCD9 /* SettingsViewController.swift in Sources */ = {isa = PBXBuildFile; fileRef = EDE8312D28532A420057DCD9 /* SettingsViewController.swift */; };
		EDE8313528535F900057DCD9 /* SettingsViewModel.swift in Sources */ = {isa = PBXBuildFile; fileRef = EDE8313428535F900057DCD9 /* SettingsViewModel.swift */; };
		EDE8313728535FB10057DCD9 /* SettingsViewModelType.swift in Sources */ = {isa = PBXBuildFile; fileRef = EDE8313628535FB10057DCD9 /* SettingsViewModelType.swift */; };
		EDE8313A28539CCC0057DCD9 /* SettingsViewController+Ext.swift in Sources */ = {isa = PBXBuildFile; fileRef = EDE8313928539CCC0057DCD9 /* SettingsViewController+Ext.swift */; };
		EDF755012857466E00D9D29E /* Date+Ext.swift in Sources */ = {isa = PBXBuildFile; fileRef = EDF755002857466E00D9D29E /* Date+Ext.swift */; };
/* End PBXBuildFile section */

/* Begin PBXContainerItemProxy section */
		C37F4C792AB5A65000AEE51F /* PBXContainerItemProxy */ = {
			isa = PBXContainerItemProxy;
			containerPortal = EDD856A22851C2C900D7A71D /* Project object */;
			proxyType = 1;
			remoteGlobalIDString = EDD856A92851C2C900D7A71D;
			remoteInfo = NewsApp;
		};
/* End PBXContainerItemProxy section */

/* Begin PBXFileReference section */
		C35D0C7E2AB5B95E00214086 /* UserKeysSaver.swift */ = {isa = PBXFileReference; lastKnownFileType = sourcecode.swift; path = UserKeysSaver.swift; sourceTree = "<group>"; };
		C35D0C822AB5BD3C00214086 /* SettingsViewModelTests.swift */ = {isa = PBXFileReference; lastKnownFileType = sourcecode.swift; path = SettingsViewModelTests.swift; sourceTree = "<group>"; };
		C35D0C842AB5C17200214086 /* ArticleObjectTests.swift */ = {isa = PBXFileReference; lastKnownFileType = sourcecode.swift; path = ArticleObjectTests.swift; sourceTree = "<group>"; };
		C35D0C882AB5E13B00214086 /* SettingsViewTests.swift */ = {isa = PBXFileReference; lastKnownFileType = sourcecode.swift; path = SettingsViewTests.swift; sourceTree = "<group>"; };
		C35D0C8A2AB5E5C700214086 /* NewsViewTests.swift */ = {isa = PBXFileReference; lastKnownFileType = sourcecode.swift; path = NewsViewTests.swift; sourceTree = "<group>"; };
		C35D0C8D2AB5E87A00214086 /* MockCoordinator.swift */ = {isa = PBXFileReference; lastKnownFileType = sourcecode.swift; path = MockCoordinator.swift; sourceTree = "<group>"; };
		C37F4C482AB462A600AEE51F /* Routable.swift */ = {isa = PBXFileReference; lastKnownFileType = sourcecode.swift; path = Routable.swift; sourceTree = "<group>"; };
		C37F4C4A2AB4656D00AEE51F /* Router.swift */ = {isa = PBXFileReference; lastKnownFileType = sourcecode.swift; path = Router.swift; sourceTree = "<group>"; };
		C37F4C4C2AB467ED00AEE51F /* AppCoordinator.swift */ = {isa = PBXFileReference; lastKnownFileType = sourcecode.swift; path = AppCoordinator.swift; sourceTree = "<group>"; };
		C37F4C4E2AB4684F00AEE51F /* CoordinatorFactory.swift */ = {isa = PBXFileReference; lastKnownFileType = sourcecode.swift; path = CoordinatorFactory.swift; sourceTree = "<group>"; };
		C37F4C512AB4689900AEE51F /* NewsCoordinator.swift */ = {isa = PBXFileReference; lastKnownFileType = sourcecode.swift; path = NewsCoordinator.swift; sourceTree = "<group>"; };
		C37F4C552AB4693300AEE51F /* NewsModuleBuilder.swift */ = {isa = PBXFileReference; lastKnownFileType = sourcecode.swift; path = NewsModuleBuilder.swift; sourceTree = "<group>"; };
		C37F4C5A2AB46AC900AEE51F /* SettingsModuleBuilder.swift */ = {isa = PBXFileReference; lastKnownFileType = sourcecode.swift; path = SettingsModuleBuilder.swift; sourceTree = "<group>"; };
		C37F4C5C2AB46B1800AEE51F /* SettingsCoordinator.swift */ = {isa = PBXFileReference; lastKnownFileType = sourcecode.swift; path = SettingsCoordinator.swift; sourceTree = "<group>"; };
		C37F4C5E2AB46ED200AEE51F /* Constant.swift */ = {isa = PBXFileReference; lastKnownFileType = sourcecode.swift; path = Constant.swift; sourceTree = "<group>"; };
		C37F4C622AB46FA000AEE51F /* DatabaseService.swift */ = {isa = PBXFileReference; lastKnownFileType = sourcecode.swift; path = DatabaseService.swift; sourceTree = "<group>"; };
		C37F4C642AB4749C00AEE51F /* NetworkError.swift */ = {isa = PBXFileReference; lastKnownFileType = sourcecode.swift; path = NetworkError.swift; sourceTree = "<group>"; };
		C37F4C662AB47BC300AEE51F /* Dynamic.swift */ = {isa = PBXFileReference; lastKnownFileType = sourcecode.swift; path = Dynamic.swift; sourceTree = "<group>"; };
		C37F4C682AB47DE200AEE51F /* Entity.swift */ = {isa = PBXFileReference; lastKnownFileType = sourcecode.swift; path = Entity.swift; sourceTree = "<group>"; };
		C37F4C6A2AB488B300AEE51F /* NewsTableViewController+UITableViewDelegate.swift */ = {isa = PBXFileReference; lastKnownFileType = sourcecode.swift; path = "NewsTableViewController+UITableViewDelegate.swift"; sourceTree = "<group>"; };
		C37F4C6C2AB488EC00AEE51F /* NewsTableViewController+UITableViewDataSource.swift */ = {isa = PBXFileReference; lastKnownFileType = sourcecode.swift; path = "NewsTableViewController+UITableViewDataSource.swift"; sourceTree = "<group>"; };
		C37F4C6E2AB4891800AEE51F /* NewsTableViewController+SFSafariDelegate.swift */ = {isa = PBXFileReference; lastKnownFileType = sourcecode.swift; path = "NewsTableViewController+SFSafariDelegate.swift"; sourceTree = "<group>"; };
		C37F4C752AB5A65000AEE51F /* NewsAppTests.xctest */ = {isa = PBXFileReference; explicitFileType = wrapper.cfbundle; includeInIndex = 0; path = NewsAppTests.xctest; sourceTree = BUILT_PRODUCTS_DIR; };
		C37F4C7E2AB5A68B00AEE51F /* NewsViewModelTests.swift */ = {isa = PBXFileReference; lastKnownFileType = sourcecode.swift; path = NewsViewModelTests.swift; sourceTree = "<group>"; };
		C37F4C812AB5A6D200AEE51F /* MockNetwork.swift */ = {isa = PBXFileReference; lastKnownFileType = sourcecode.swift; path = MockNetwork.swift; sourceTree = "<group>"; };
		ED1AD6C828710116002ABC80 /* NewsApp.entitlements */ = {isa = PBXFileReference; lastKnownFileType = text.plist.entitlements; path = NewsApp.entitlements; sourceTree = "<group>"; };
		EDA78ECD28D8D8230063777C /* ArticleObject.swift */ = {isa = PBXFileReference; lastKnownFileType = sourcecode.swift; path = ArticleObject.swift; sourceTree = "<group>"; };
		EDBF985528DCD278001412AE /* NSManagedObject+Ext.swift */ = {isa = PBXFileReference; lastKnownFileType = sourcecode.swift; path = "NSManagedObject+Ext.swift"; sourceTree = "<group>"; };
		EDBF985728DCE3BA001412AE /* NewsTableHeaderView.swift */ = {isa = PBXFileReference; lastKnownFileType = sourcecode.swift; path = NewsTableHeaderView.swift; sourceTree = "<group>"; };
		EDC1CC28285201A700E6957E /* Category.swift */ = {isa = PBXFileReference; lastKnownFileType = sourcecode.swift; path = Category.swift; sourceTree = "<group>"; };
		EDC92FE7285C9743009D3D5D /* NewsCoreData.xcdatamodel */ = {isa = PBXFileReference; lastKnownFileType = wrapper.xcdatamodel; path = NewsCoreData.xcdatamodel; sourceTree = "<group>"; };
		EDD856AA2851C2C900D7A71D /* NewsApp.app */ = {isa = PBXFileReference; explicitFileType = wrapper.application; includeInIndex = 0; path = NewsApp.app; sourceTree = BUILT_PRODUCTS_DIR; };
		EDD856AD2851C2C900D7A71D /* AppDelegate.swift */ = {isa = PBXFileReference; lastKnownFileType = sourcecode.swift; path = AppDelegate.swift; sourceTree = "<group>"; };
		EDD856AF2851C2C900D7A71D /* SceneDelegate.swift */ = {isa = PBXFileReference; lastKnownFileType = sourcecode.swift; path = SceneDelegate.swift; sourceTree = "<group>"; };
		EDD856B12851C2C900D7A71D /* NewsTableViewController.swift */ = {isa = PBXFileReference; lastKnownFileType = sourcecode.swift; path = NewsTableViewController.swift; sourceTree = "<group>"; };
		EDD856B62851C2CE00D7A71D /* Assets.xcassets */ = {isa = PBXFileReference; lastKnownFileType = folder.assetcatalog; path = Assets.xcassets; sourceTree = "<group>"; };
		EDD856B92851C2CE00D7A71D /* Base */ = {isa = PBXFileReference; lastKnownFileType = file.storyboard; name = Base; path = Base.lproj/LaunchScreen.storyboard; sourceTree = "<group>"; };
		EDD856BB2851C2CE00D7A71D /* Info.plist */ = {isa = PBXFileReference; lastKnownFileType = text.plist.xml; path = Info.plist; sourceTree = "<group>"; };
		EDD856C72851C35F00D7A71D /* NewsModel.swift */ = {isa = PBXFileReference; lastKnownFileType = sourcecode.swift; path = NewsModel.swift; sourceTree = "<group>"; };
		EDD856CA2851C4BA00D7A71D /* Coordinator.swift */ = {isa = PBXFileReference; lastKnownFileType = sourcecode.swift; path = Coordinator.swift; sourceTree = "<group>"; };
		EDD856CD2851C4D000D7A71D /* Coordinatable.swift */ = {isa = PBXFileReference; lastKnownFileType = sourcecode.swift; path = Coordinatable.swift; sourceTree = "<group>"; };
		EDD856CF2851C4DF00D7A71D /* NetworkService.swift */ = {isa = PBXFileReference; lastKnownFileType = sourcecode.swift; path = NetworkService.swift; sourceTree = "<group>"; };
		EDD856D72851C78900D7A71D /* NewsViewModel.swift */ = {isa = PBXFileReference; lastKnownFileType = sourcecode.swift; path = NewsViewModel.swift; sourceTree = "<group>"; };
		EDD856DB2851C87500D7A71D /* NewsCell.swift */ = {isa = PBXFileReference; lastKnownFileType = sourcecode.swift; path = NewsCell.swift; sourceTree = "<group>"; };
		EDE8312028525EC60057DCD9 /* NewsCell+Ext.swift */ = {isa = PBXFileReference; lastKnownFileType = sourcecode.swift; path = "NewsCell+Ext.swift"; sourceTree = "<group>"; };
		EDE83123285260700057DCD9 /* NewsTableViewController+Ext.swift */ = {isa = PBXFileReference; lastKnownFileType = sourcecode.swift; path = "NewsTableViewController+Ext.swift"; sourceTree = "<group>"; };
		EDE8312D28532A420057DCD9 /* SettingsViewController.swift */ = {isa = PBXFileReference; lastKnownFileType = sourcecode.swift; path = SettingsViewController.swift; sourceTree = "<group>"; };
		EDE8313428535F900057DCD9 /* SettingsViewModel.swift */ = {isa = PBXFileReference; lastKnownFileType = sourcecode.swift; path = SettingsViewModel.swift; sourceTree = "<group>"; };
		EDE8313628535FB10057DCD9 /* SettingsViewModelType.swift */ = {isa = PBXFileReference; lastKnownFileType = sourcecode.swift; path = SettingsViewModelType.swift; sourceTree = "<group>"; };
		EDE8313928539CCC0057DCD9 /* SettingsViewController+Ext.swift */ = {isa = PBXFileReference; lastKnownFileType = sourcecode.swift; path = "SettingsViewController+Ext.swift"; sourceTree = "<group>"; };
		EDF755002857466E00D9D29E /* Date+Ext.swift */ = {isa = PBXFileReference; lastKnownFileType = sourcecode.swift; path = "Date+Ext.swift"; sourceTree = "<group>"; };
/* End PBXFileReference section */

/* Begin PBXFrameworksBuildPhase section */
		C37F4C722AB5A65000AEE51F /* Frameworks */ = {
			isa = PBXFrameworksBuildPhase;
			buildActionMask = 2147483647;
			files = (
			);
			runOnlyForDeploymentPostprocessing = 0;
		};
		EDD856A72851C2C900D7A71D /* Frameworks */ = {
			isa = PBXFrameworksBuildPhase;
			buildActionMask = 2147483647;
			files = (
				C35D0C9A2AB5F6D500214086 /* Kingfisher in Frameworks */,
				C35D0C972AB5F6CC00214086 /* SnapKit in Frameworks */,
			);
			runOnlyForDeploymentPostprocessing = 0;
		};
/* End PBXFrameworksBuildPhase section */

/* Begin PBXGroup section */
		C35D0C7D2AB5B94300214086 /* UserKeysSaver */ = {
			isa = PBXGroup;
			children = (
				C35D0C7E2AB5B95E00214086 /* UserKeysSaver.swift */,
			);
			path = UserKeysSaver;
			sourceTree = "<group>";
		};
		C35D0C802AB5BD1B00214086 /* NewsView */ = {
			isa = PBXGroup;
			children = (
				C37F4C7E2AB5A68B00AEE51F /* NewsViewModelTests.swift */,
				C35D0C8A2AB5E5C700214086 /* NewsViewTests.swift */,
			);
			path = NewsView;
			sourceTree = "<group>";
		};
		C35D0C812AB5BD2500214086 /* SettingsView */ = {
			isa = PBXGroup;
			children = (
				C35D0C882AB5E13B00214086 /* SettingsViewTests.swift */,
				C35D0C822AB5BD3C00214086 /* SettingsViewModelTests.swift */,
			);
			path = SettingsView;
			sourceTree = "<group>";
		};
		C35D0C8C2AB5E85400214086 /* MockCoordinator */ = {
			isa = PBXGroup;
			children = (
				C35D0C8D2AB5E87A00214086 /* MockCoordinator.swift */,
			);
			path = MockCoordinator;
			sourceTree = "<group>";
		};
		C37F4C502AB4687A00AEE51F /* NewsCoordinator */ = {
			isa = PBXGroup;
			children = (
				C37F4C512AB4689900AEE51F /* NewsCoordinator.swift */,
			);
			path = NewsCoordinator;
			sourceTree = "<group>";
		};
		C37F4C532AB4690C00AEE51F /* NewsModule */ = {
			isa = PBXGroup;
			children = (
				C37F4C542AB4691600AEE51F /* NewsModuleBuilder */,
				C37F4C502AB4687A00AEE51F /* NewsCoordinator */,
			);
			path = NewsModule;
			sourceTree = "<group>";
		};
		C37F4C542AB4691600AEE51F /* NewsModuleBuilder */ = {
			isa = PBXGroup;
			children = (
				C37F4C552AB4693300AEE51F /* NewsModuleBuilder.swift */,
			);
			path = NewsModuleBuilder;
			sourceTree = "<group>";
		};
		C37F4C572AB46AA200AEE51F /* SettingsModule */ = {
			isa = PBXGroup;
			children = (
				C37F4C592AB46AB600AEE51F /* SettingsCoordinator */,
				C37F4C582AB46AAC00AEE51F /* SettingsModuleBuilder */,
			);
			path = SettingsModule;
			sourceTree = "<group>";
		};
		C37F4C582AB46AAC00AEE51F /* SettingsModuleBuilder */ = {
			isa = PBXGroup;
			children = (
				C37F4C5A2AB46AC900AEE51F /* SettingsModuleBuilder.swift */,
			);
			path = SettingsModuleBuilder;
			sourceTree = "<group>";
		};
		C37F4C592AB46AB600AEE51F /* SettingsCoordinator */ = {
			isa = PBXGroup;
			children = (
				C37F4C5C2AB46B1800AEE51F /* SettingsCoordinator.swift */,
			);
			path = SettingsCoordinator;
			sourceTree = "<group>";
		};
		C37F4C602AB46F3F00AEE51F /* Service */ = {
			isa = PBXGroup;
			children = (
				C35D0C7D2AB5B94300214086 /* UserKeysSaver */,
				C37F4C612AB46F5000AEE51F /* Database */,
				EDD856C92851C3B400D7A71D /* Network */,
			);
			path = Service;
			sourceTree = "<group>";
		};
		C37F4C612AB46F5000AEE51F /* Database */ = {
			isa = PBXGroup;
			children = (
				C37F4C622AB46FA000AEE51F /* DatabaseService.swift */,
			);
			path = Database;
			sourceTree = "<group>";
		};
		C37F4C702AB4897A00AEE51F /* Modules */ = {
			isa = PBXGroup;
			children = (
				EDE8312B2853283B0057DCD9 /* SettingsScreen */,
				EDD856C62851C34100D7A71D /* MainScreen */,
			);
			path = Modules;
			sourceTree = "<group>";
		};
		C37F4C762AB5A65000AEE51F /* NewsAppTests */ = {
			isa = PBXGroup;
			children = (
				C35D0C8C2AB5E85400214086 /* MockCoordinator */,
				C35D0C812AB5BD2500214086 /* SettingsView */,
				C35D0C802AB5BD1B00214086 /* NewsView */,
				C37F4C802AB5A6BF00AEE51F /* MockNetwork */,
				C35D0C842AB5C17200214086 /* ArticleObjectTests.swift */,
			);
			path = NewsAppTests;
			sourceTree = "<group>";
		};
		C37F4C802AB5A6BF00AEE51F /* MockNetwork */ = {
			isa = PBXGroup;
			children = (
				C37F4C812AB5A6D200AEE51F /* MockNetwork.swift */,
			);
			path = MockNetwork;
			sourceTree = "<group>";
		};
		EDD856A12851C2C900D7A71D = {
			isa = PBXGroup;
			children = (
				EDD856AC2851C2C900D7A71D /* NewsApp */,
				C37F4C762AB5A65000AEE51F /* NewsAppTests */,
				EDD856AB2851C2C900D7A71D /* Products */,
			);
			sourceTree = "<group>";
		};
		EDD856AB2851C2C900D7A71D /* Products */ = {
			isa = PBXGroup;
			children = (
				EDD856AA2851C2C900D7A71D /* NewsApp.app */,
				C37F4C752AB5A65000AEE51F /* NewsAppTests.xctest */,
			);
			name = Products;
			sourceTree = "<group>";
		};
		EDD856AC2851C2C900D7A71D /* NewsApp */ = {
			isa = PBXGroup;
			children = (
				C37F4C702AB4897A00AEE51F /* Modules */,
				C37F4C602AB46F3F00AEE51F /* Service */,
				ED1AD6C828710116002ABC80 /* NewsApp.entitlements */,
				EDF754FF2857465200D9D29E /* Extensions */,
				EDD856C42851C33200D7A71D /* Navigation */,
				EDD856C12851C2DB00D7A71D /* SupportingFiles */,
				EDD856BB2851C2CE00D7A71D /* Info.plist */,
				EDC92FE6285C9743009D3D5D /* NewsCoreData.xcdatamodeld */,
			);
			path = NewsApp;
			sourceTree = "<group>";
		};
		EDD856C12851C2DB00D7A71D /* SupportingFiles */ = {
			isa = PBXGroup;
			children = (
				EDD856AD2851C2C900D7A71D /* AppDelegate.swift */,
				EDD856AF2851C2C900D7A71D /* SceneDelegate.swift */,
				EDD856B62851C2CE00D7A71D /* Assets.xcassets */,
				EDD856B82851C2CE00D7A71D /* LaunchScreen.storyboard */,
			);
			path = SupportingFiles;
			sourceTree = "<group>";
		};
		EDD856C22851C2E600D7A71D /* ViewModel */ = {
			isa = PBXGroup;
			children = (
				EDD856D72851C78900D7A71D /* NewsViewModel.swift */,
			);
			path = ViewModel;
			sourceTree = "<group>";
		};
		EDD856C32851C2EE00D7A71D /* Model */ = {
			isa = PBXGroup;
			children = (
				EDD856C72851C35F00D7A71D /* NewsModel.swift */,
				EDC1CC28285201A700E6957E /* Category.swift */,
				EDA78ECD28D8D8230063777C /* ArticleObject.swift */,
			);
			path = Model;
			sourceTree = "<group>";
		};
		EDD856C42851C33200D7A71D /* Navigation */ = {
			isa = PBXGroup;
			children = (
				C37F4C572AB46AA200AEE51F /* SettingsModule */,
				C37F4C532AB4690C00AEE51F /* NewsModule */,
				EDD856CC2851C4BE00D7A71D /* Protocols */,
				EDD856CA2851C4BA00D7A71D /* Coordinator.swift */,
				C37F4C4A2AB4656D00AEE51F /* Router.swift */,
				C37F4C4C2AB467ED00AEE51F /* AppCoordinator.swift */,
				C37F4C4E2AB4684F00AEE51F /* CoordinatorFactory.swift */,
			);
			path = Navigation;
			sourceTree = "<group>";
		};
		EDD856C52851C33900D7A71D /* View */ = {
			isa = PBXGroup;
			children = (
				EDE83122285260540057DCD9 /* Extensions */,
				EDD856DA2851C85F00D7A71D /* Cell */,
				EDD856B12851C2C900D7A71D /* NewsTableViewController.swift */,
			);
			path = View;
			sourceTree = "<group>";
		};
		EDD856C62851C34100D7A71D /* MainScreen */ = {
			isa = PBXGroup;
			children = (
				EDD856C52851C33900D7A71D /* View */,
				EDD856C32851C2EE00D7A71D /* Model */,
				EDD856C22851C2E600D7A71D /* ViewModel */,
			);
			path = MainScreen;
			sourceTree = "<group>";
		};
		EDD856C92851C3B400D7A71D /* Network */ = {
			isa = PBXGroup;
			children = (
				EDD856CF2851C4DF00D7A71D /* NetworkService.swift */,
				C37F4C642AB4749C00AEE51F /* NetworkError.swift */,
			);
			path = Network;
			sourceTree = "<group>";
		};
		EDD856CC2851C4BE00D7A71D /* Protocols */ = {
			isa = PBXGroup;
			children = (
				EDD856CD2851C4D000D7A71D /* Coordinatable.swift */,
				C37F4C482AB462A600AEE51F /* Routable.swift */,
			);
			path = Protocols;
			sourceTree = "<group>";
		};
		EDD856DA2851C85F00D7A71D /* Cell */ = {
			isa = PBXGroup;
			children = (
				EDD856DB2851C87500D7A71D /* NewsCell.swift */,
				EDBF985728DCE3BA001412AE /* NewsTableHeaderView.swift */,
			);
			path = Cell;
			sourceTree = "<group>";
		};
		EDE83122285260540057DCD9 /* Extensions */ = {
			isa = PBXGroup;
			children = (
				EDE8312028525EC60057DCD9 /* NewsCell+Ext.swift */,
				EDE83123285260700057DCD9 /* NewsTableViewController+Ext.swift */,
				C37F4C6A2AB488B300AEE51F /* NewsTableViewController+UITableViewDelegate.swift */,
				C37F4C6C2AB488EC00AEE51F /* NewsTableViewController+UITableViewDataSource.swift */,
				C37F4C6E2AB4891800AEE51F /* NewsTableViewController+SFSafariDelegate.swift */,
			);
			path = Extensions;
			sourceTree = "<group>";
		};
		EDE8312B2853283B0057DCD9 /* SettingsScreen */ = {
			isa = PBXGroup;
			children = (
				EDE8313228535F6E0057DCD9 /* ViewModel */,
				EDE8312C285328560057DCD9 /* View */,
			);
			path = SettingsScreen;
			sourceTree = "<group>";
		};
		EDE8312C285328560057DCD9 /* View */ = {
			isa = PBXGroup;
			children = (
				EDE8313828539CA30057DCD9 /* Extension */,
				EDE8312D28532A420057DCD9 /* SettingsViewController.swift */,
			);
			path = View;
			sourceTree = "<group>";
		};
		EDE8313228535F6E0057DCD9 /* ViewModel */ = {
			isa = PBXGroup;
			children = (
				EDE8313328535F7B0057DCD9 /* Protocols */,
				EDE8313428535F900057DCD9 /* SettingsViewModel.swift */,
			);
			path = ViewModel;
			sourceTree = "<group>";
		};
		EDE8313328535F7B0057DCD9 /* Protocols */ = {
			isa = PBXGroup;
			children = (
				EDE8313628535FB10057DCD9 /* SettingsViewModelType.swift */,
			);
			path = Protocols;
			sourceTree = "<group>";
		};
		EDE8313828539CA30057DCD9 /* Extension */ = {
			isa = PBXGroup;
			children = (
				EDE8313928539CCC0057DCD9 /* SettingsViewController+Ext.swift */,
			);
			path = Extension;
			sourceTree = "<group>";
		};
		EDF754FF2857465200D9D29E /* Extensions */ = {
			isa = PBXGroup;
			children = (
				EDF755002857466E00D9D29E /* Date+Ext.swift */,
				EDBF985528DCD278001412AE /* NSManagedObject+Ext.swift */,
				C37F4C5E2AB46ED200AEE51F /* Constant.swift */,
				C37F4C662AB47BC300AEE51F /* Dynamic.swift */,
				C37F4C682AB47DE200AEE51F /* Entity.swift */,
			);
			path = Extensions;
			sourceTree = "<group>";
		};
/* End PBXGroup section */

/* Begin PBXNativeTarget section */
		C37F4C742AB5A65000AEE51F /* NewsAppTests */ = {
			isa = PBXNativeTarget;
			buildConfigurationList = C37F4C7D2AB5A65000AEE51F /* Build configuration list for PBXNativeTarget "NewsAppTests" */;
			buildPhases = (
				C37F4C712AB5A65000AEE51F /* Sources */,
				C37F4C722AB5A65000AEE51F /* Frameworks */,
				C37F4C732AB5A65000AEE51F /* Resources */,
			);
			buildRules = (
			);
			dependencies = (
				C37F4C7A2AB5A65000AEE51F /* PBXTargetDependency */,
			);
			name = NewsAppTests;
			productName = NewsAppTests;
			productReference = C37F4C752AB5A65000AEE51F /* NewsAppTests.xctest */;
			productType = "com.apple.product-type.bundle.unit-test";
		};
		EDD856A92851C2C900D7A71D /* NewsApp */ = {
			isa = PBXNativeTarget;
			buildConfigurationList = EDD856BE2851C2CE00D7A71D /* Build configuration list for PBXNativeTarget "NewsApp" */;
			buildPhases = (
				EDD856A62851C2C900D7A71D /* Sources */,
				EDD856A72851C2C900D7A71D /* Frameworks */,
				EDD856A82851C2C900D7A71D /* Resources */,
			);
			buildRules = (
			);
			dependencies = (
			);
			name = NewsApp;
			packageProductDependencies = (
				C35D0C962AB5F6CC00214086 /* SnapKit */,
				C35D0C992AB5F6D500214086 /* Kingfisher */,
			);
			productName = NewsApp;
			productReference = EDD856AA2851C2C900D7A71D /* NewsApp.app */;
			productType = "com.apple.product-type.application";
		};
/* End PBXNativeTarget section */

/* Begin PBXProject section */
		EDD856A22851C2C900D7A71D /* Project object */ = {
			isa = PBXProject;
			attributes = {
				BuildIndependentTargetsInParallel = 1;
				LastSwiftUpdateCheck = 1500;
				LastUpgradeCheck = 1340;
				TargetAttributes = {
					C37F4C742AB5A65000AEE51F = {
						CreatedOnToolsVersion = 15.0;
						TestTargetID = EDD856A92851C2C900D7A71D;
					};
					EDD856A92851C2C900D7A71D = {
						CreatedOnToolsVersion = 13.4.1;
					};
				};
			};
			buildConfigurationList = EDD856A52851C2C900D7A71D /* Build configuration list for PBXProject "NewsApp" */;
			compatibilityVersion = "Xcode 13.0";
			developmentRegion = en;
			hasScannedForEncodings = 0;
			knownRegions = (
				en,
				Base,
			);
			mainGroup = EDD856A12851C2C900D7A71D;
			packageReferences = (
				C35D0C952AB5F6CC00214086 /* XCRemoteSwiftPackageReference "SnapKit" */,
				C35D0C982AB5F6D500214086 /* XCRemoteSwiftPackageReference "Kingfisher" */,
			);
			productRefGroup = EDD856AB2851C2C900D7A71D /* Products */;
			projectDirPath = "";
			projectRoot = "";
			targets = (
				EDD856A92851C2C900D7A71D /* NewsApp */,
				C37F4C742AB5A65000AEE51F /* NewsAppTests */,
			);
		};
/* End PBXProject section */

/* Begin PBXResourcesBuildPhase section */
		C37F4C732AB5A65000AEE51F /* Resources */ = {
			isa = PBXResourcesBuildPhase;
			buildActionMask = 2147483647;
			files = (
			);
			runOnlyForDeploymentPostprocessing = 0;
		};
		EDD856A82851C2C900D7A71D /* Resources */ = {
			isa = PBXResourcesBuildPhase;
			buildActionMask = 2147483647;
			files = (
				EDD856BA2851C2CE00D7A71D /* LaunchScreen.storyboard in Resources */,
				EDD856B72851C2CE00D7A71D /* Assets.xcassets in Resources */,
			);
			runOnlyForDeploymentPostprocessing = 0;
		};
/* End PBXResourcesBuildPhase section */

/* Begin PBXSourcesBuildPhase section */
		C37F4C712AB5A65000AEE51F /* Sources */ = {
			isa = PBXSourcesBuildPhase;
			buildActionMask = 2147483647;
			files = (
				C37F4C822AB5A6D200AEE51F /* MockNetwork.swift in Sources */,
				C35D0C852AB5C17200214086 /* ArticleObjectTests.swift in Sources */,
				C37F4C7F2AB5A68B00AEE51F /* NewsViewModelTests.swift in Sources */,
				C35D0C8B2AB5E5C700214086 /* NewsViewTests.swift in Sources */,
				C35D0C892AB5E13B00214086 /* SettingsViewTests.swift in Sources */,
				C35D0C8E2AB5E87A00214086 /* MockCoordinator.swift in Sources */,
				C35D0C832AB5BD3C00214086 /* SettingsViewModelTests.swift in Sources */,
			);
			runOnlyForDeploymentPostprocessing = 0;
		};
		EDD856A62851C2C900D7A71D /* Sources */ = {
			isa = PBXSourcesBuildPhase;
			buildActionMask = 2147483647;
			files = (
				EDA78ECE28D8D8230063777C /* ArticleObject.swift in Sources */,
				EDE8312F28532A420057DCD9 /* SettingsViewController.swift in Sources */,
				EDD856C82851C35F00D7A71D /* NewsModel.swift in Sources */,
				EDE83124285260700057DCD9 /* NewsTableViewController+Ext.swift in Sources */,
				EDBF985628DCD278001412AE /* NSManagedObject+Ext.swift in Sources */,
				C37F4C4D2AB467ED00AEE51F /* AppCoordinator.swift in Sources */,
				EDD856B22851C2C900D7A71D /* NewsTableViewController.swift in Sources */,
				EDD856CB2851C4BA00D7A71D /* Coordinator.swift in Sources */,
				C37F4C5D2AB46B1800AEE51F /* SettingsCoordinator.swift in Sources */,
				EDD856AE2851C2C900D7A71D /* AppDelegate.swift in Sources */,
				EDE8312128525EC60057DCD9 /* NewsCell+Ext.swift in Sources */,
				EDD856CE2851C4D000D7A71D /* Coordinatable.swift in Sources */,
				C37F4C522AB4689900AEE51F /* NewsCoordinator.swift in Sources */,
				EDE8313728535FB10057DCD9 /* SettingsViewModelType.swift in Sources */,
				C37F4C4B2AB4656D00AEE51F /* Router.swift in Sources */,
				EDF755012857466E00D9D29E /* Date+Ext.swift in Sources */,
				C37F4C652AB4749C00AEE51F /* NetworkError.swift in Sources */,
				EDD856D82851C78900D7A71D /* NewsViewModel.swift in Sources */,
				EDD856B02851C2C900D7A71D /* SceneDelegate.swift in Sources */,
				C37F4C5F2AB46ED200AEE51F /* Constant.swift in Sources */,
				EDE8313A28539CCC0057DCD9 /* SettingsViewController+Ext.swift in Sources */,
				C37F4C632AB46FA000AEE51F /* DatabaseService.swift in Sources */,
				C37F4C6F2AB4891800AEE51F /* NewsTableViewController+SFSafariDelegate.swift in Sources */,
				EDC1CC29285201A700E6957E /* Category.swift in Sources */,
				C37F4C672AB47BC300AEE51F /* Dynamic.swift in Sources */,
				EDC92FE8285C9743009D3D5D /* NewsCoreData.xcdatamodeld in Sources */,
				C37F4C6B2AB488B300AEE51F /* NewsTableViewController+UITableViewDelegate.swift in Sources */,
				EDD856D02851C4DF00D7A71D /* NetworkService.swift in Sources */,
				C37F4C562AB4693300AEE51F /* NewsModuleBuilder.swift in Sources */,
				EDD856DC2851C87500D7A71D /* NewsCell.swift in Sources */,
				C37F4C6D2AB488EC00AEE51F /* NewsTableViewController+UITableViewDataSource.swift in Sources */,
				C37F4C4F2AB4684F00AEE51F /* CoordinatorFactory.swift in Sources */,
				EDBF985828DCE3BA001412AE /* NewsTableHeaderView.swift in Sources */,
				C37F4C692AB47DE200AEE51F /* Entity.swift in Sources */,
				C35D0C7F2AB5B95E00214086 /* UserKeysSaver.swift in Sources */,
				EDE8313528535F900057DCD9 /* SettingsViewModel.swift in Sources */,
				C37F4C5B2AB46AC900AEE51F /* SettingsModuleBuilder.swift in Sources */,
				C37F4C492AB462A600AEE51F /* Routable.swift in Sources */,
			);
			runOnlyForDeploymentPostprocessing = 0;
		};
/* End PBXSourcesBuildPhase section */

/* Begin PBXTargetDependency section */
		C37F4C7A2AB5A65000AEE51F /* PBXTargetDependency */ = {
			isa = PBXTargetDependency;
			target = EDD856A92851C2C900D7A71D /* NewsApp */;
			targetProxy = C37F4C792AB5A65000AEE51F /* PBXContainerItemProxy */;
		};
/* End PBXTargetDependency section */

/* Begin PBXVariantGroup section */
		EDD856B82851C2CE00D7A71D /* LaunchScreen.storyboard */ = {
			isa = PBXVariantGroup;
			children = (
				EDD856B92851C2CE00D7A71D /* Base */,
			);
			name = LaunchScreen.storyboard;
			sourceTree = "<group>";
		};
/* End PBXVariantGroup section */

/* Begin XCBuildConfiguration section */
		C37F4C7B2AB5A65000AEE51F /* Debug */ = {
			isa = XCBuildConfiguration;
			buildSettings = {
				ASSETCATALOG_COMPILER_GENERATE_SWIFT_ASSET_SYMBOL_EXTENSIONS = YES;
				BUNDLE_LOADER = "$(TEST_HOST)";
				CLANG_CXX_LANGUAGE_STANDARD = "gnu++20";
				CODE_SIGN_STYLE = Automatic;
				CURRENT_PROJECT_VERSION = 1;
				DEVELOPMENT_TEAM = UBS68N6TVH;
				ENABLE_USER_SCRIPT_SANDBOXING = YES;
				GCC_C_LANGUAGE_STANDARD = gnu17;
				GENERATE_INFOPLIST_FILE = YES;
				IPHONEOS_DEPLOYMENT_TARGET = 15.0;
				LOCALIZATION_PREFERS_STRING_CATALOGS = YES;
				MARKETING_VERSION = 1.0;
				PRODUCT_BUNDLE_IDENTIFIER = com.kirillsutormin.NewsAppTests;
				PRODUCT_NAME = "$(TARGET_NAME)";
				SWIFT_ACTIVE_COMPILATION_CONDITIONS = "DEBUG $(inherited)";
				SWIFT_EMIT_LOC_STRINGS = NO;
				SWIFT_VERSION = 5.0;
				TARGETED_DEVICE_FAMILY = "1,2";
				TEST_HOST = "$(BUILT_PRODUCTS_DIR)/NewsApp.app/$(BUNDLE_EXECUTABLE_FOLDER_PATH)/NewsApp";
			};
			name = Debug;
		};
		C37F4C7C2AB5A65000AEE51F /* Release */ = {
			isa = XCBuildConfiguration;
			buildSettings = {
				ASSETCATALOG_COMPILER_GENERATE_SWIFT_ASSET_SYMBOL_EXTENSIONS = YES;
				BUNDLE_LOADER = "$(TEST_HOST)";
				CLANG_CXX_LANGUAGE_STANDARD = "gnu++20";
				CODE_SIGN_STYLE = Automatic;
				CURRENT_PROJECT_VERSION = 1;
				DEVELOPMENT_TEAM = UBS68N6TVH;
				ENABLE_USER_SCRIPT_SANDBOXING = YES;
				GCC_C_LANGUAGE_STANDARD = gnu17;
				GENERATE_INFOPLIST_FILE = YES;
				IPHONEOS_DEPLOYMENT_TARGET = 15.0;
				LOCALIZATION_PREFERS_STRING_CATALOGS = YES;
				MARKETING_VERSION = 1.0;
				PRODUCT_BUNDLE_IDENTIFIER = com.kirillsutormin.NewsAppTests;
				PRODUCT_NAME = "$(TARGET_NAME)";
				SWIFT_EMIT_LOC_STRINGS = NO;
				SWIFT_VERSION = 5.0;
				TARGETED_DEVICE_FAMILY = "1,2";
				TEST_HOST = "$(BUILT_PRODUCTS_DIR)/NewsApp.app/$(BUNDLE_EXECUTABLE_FOLDER_PATH)/NewsApp";
			};
			name = Release;
		};
		EDD856BC2851C2CE00D7A71D /* Debug */ = {
			isa = XCBuildConfiguration;
			buildSettings = {
				ALWAYS_SEARCH_USER_PATHS = NO;
				CLANG_ANALYZER_LOCALIZABILITY_NONLOCALIZED = YES;
				CLANG_ANALYZER_NONNULL = YES;
				CLANG_ANALYZER_NUMBER_OBJECT_CONVERSION = YES_AGGRESSIVE;
				CLANG_CXX_LANGUAGE_STANDARD = "gnu++17";
				CLANG_ENABLE_MODULES = YES;
				CLANG_ENABLE_OBJC_ARC = YES;
				CLANG_ENABLE_OBJC_WEAK = YES;
				CLANG_WARN_BLOCK_CAPTURE_AUTORELEASING = YES;
				CLANG_WARN_BOOL_CONVERSION = YES;
				CLANG_WARN_COMMA = YES;
				CLANG_WARN_CONSTANT_CONVERSION = YES;
				CLANG_WARN_DEPRECATED_OBJC_IMPLEMENTATIONS = YES;
				CLANG_WARN_DIRECT_OBJC_ISA_USAGE = YES_ERROR;
				CLANG_WARN_DOCUMENTATION_COMMENTS = YES;
				CLANG_WARN_EMPTY_BODY = YES;
				CLANG_WARN_ENUM_CONVERSION = YES;
				CLANG_WARN_INFINITE_RECURSION = YES;
				CLANG_WARN_INT_CONVERSION = YES;
				CLANG_WARN_NON_LITERAL_NULL_CONVERSION = YES;
				CLANG_WARN_OBJC_IMPLICIT_RETAIN_SELF = YES;
				CLANG_WARN_OBJC_LITERAL_CONVERSION = YES;
				CLANG_WARN_OBJC_ROOT_CLASS = YES_ERROR;
				CLANG_WARN_QUOTED_INCLUDE_IN_FRAMEWORK_HEADER = YES;
				CLANG_WARN_RANGE_LOOP_ANALYSIS = YES;
				CLANG_WARN_STRICT_PROTOTYPES = YES;
				CLANG_WARN_SUSPICIOUS_MOVE = YES;
				CLANG_WARN_UNGUARDED_AVAILABILITY = YES_AGGRESSIVE;
				CLANG_WARN_UNREACHABLE_CODE = YES;
				CLANG_WARN__DUPLICATE_METHOD_MATCH = YES;
				COPY_PHASE_STRIP = NO;
				DEBUG_INFORMATION_FORMAT = dwarf;
				ENABLE_STRICT_OBJC_MSGSEND = YES;
				ENABLE_TESTABILITY = YES;
				GCC_C_LANGUAGE_STANDARD = gnu11;
				GCC_DYNAMIC_NO_PIC = NO;
				GCC_NO_COMMON_BLOCKS = YES;
				GCC_OPTIMIZATION_LEVEL = 0;
				GCC_PREPROCESSOR_DEFINITIONS = (
					"DEBUG=1",
					"$(inherited)",
				);
				GCC_WARN_64_TO_32_BIT_CONVERSION = YES;
				GCC_WARN_ABOUT_RETURN_TYPE = YES_ERROR;
				GCC_WARN_UNDECLARED_SELECTOR = YES;
				GCC_WARN_UNINITIALIZED_AUTOS = YES_AGGRESSIVE;
				GCC_WARN_UNUSED_FUNCTION = YES;
				GCC_WARN_UNUSED_VARIABLE = YES;
				IPHONEOS_DEPLOYMENT_TARGET = 13.0;
				MTL_ENABLE_DEBUG_INFO = INCLUDE_SOURCE;
				MTL_FAST_MATH = YES;
				ONLY_ACTIVE_ARCH = YES;
				SDKROOT = iphoneos;
				SWIFT_ACTIVE_COMPILATION_CONDITIONS = DEBUG;
				SWIFT_OPTIMIZATION_LEVEL = "-Onone";
			};
			name = Debug;
		};
		EDD856BD2851C2CE00D7A71D /* Release */ = {
			isa = XCBuildConfiguration;
			buildSettings = {
				ALWAYS_SEARCH_USER_PATHS = NO;
				CLANG_ANALYZER_LOCALIZABILITY_NONLOCALIZED = YES;
				CLANG_ANALYZER_NONNULL = YES;
				CLANG_ANALYZER_NUMBER_OBJECT_CONVERSION = YES_AGGRESSIVE;
				CLANG_CXX_LANGUAGE_STANDARD = "gnu++17";
				CLANG_ENABLE_MODULES = YES;
				CLANG_ENABLE_OBJC_ARC = YES;
				CLANG_ENABLE_OBJC_WEAK = YES;
				CLANG_WARN_BLOCK_CAPTURE_AUTORELEASING = YES;
				CLANG_WARN_BOOL_CONVERSION = YES;
				CLANG_WARN_COMMA = YES;
				CLANG_WARN_CONSTANT_CONVERSION = YES;
				CLANG_WARN_DEPRECATED_OBJC_IMPLEMENTATIONS = YES;
				CLANG_WARN_DIRECT_OBJC_ISA_USAGE = YES_ERROR;
				CLANG_WARN_DOCUMENTATION_COMMENTS = YES;
				CLANG_WARN_EMPTY_BODY = YES;
				CLANG_WARN_ENUM_CONVERSION = YES;
				CLANG_WARN_INFINITE_RECURSION = YES;
				CLANG_WARN_INT_CONVERSION = YES;
				CLANG_WARN_NON_LITERAL_NULL_CONVERSION = YES;
				CLANG_WARN_OBJC_IMPLICIT_RETAIN_SELF = YES;
				CLANG_WARN_OBJC_LITERAL_CONVERSION = YES;
				CLANG_WARN_OBJC_ROOT_CLASS = YES_ERROR;
				CLANG_WARN_QUOTED_INCLUDE_IN_FRAMEWORK_HEADER = YES;
				CLANG_WARN_RANGE_LOOP_ANALYSIS = YES;
				CLANG_WARN_STRICT_PROTOTYPES = YES;
				CLANG_WARN_SUSPICIOUS_MOVE = YES;
				CLANG_WARN_UNGUARDED_AVAILABILITY = YES_AGGRESSIVE;
				CLANG_WARN_UNREACHABLE_CODE = YES;
				CLANG_WARN__DUPLICATE_METHOD_MATCH = YES;
				COPY_PHASE_STRIP = NO;
				DEBUG_INFORMATION_FORMAT = "dwarf-with-dsym";
				ENABLE_NS_ASSERTIONS = NO;
				ENABLE_STRICT_OBJC_MSGSEND = YES;
				GCC_C_LANGUAGE_STANDARD = gnu11;
				GCC_NO_COMMON_BLOCKS = YES;
				GCC_WARN_64_TO_32_BIT_CONVERSION = YES;
				GCC_WARN_ABOUT_RETURN_TYPE = YES_ERROR;
				GCC_WARN_UNDECLARED_SELECTOR = YES;
				GCC_WARN_UNINITIALIZED_AUTOS = YES_AGGRESSIVE;
				GCC_WARN_UNUSED_FUNCTION = YES;
				GCC_WARN_UNUSED_VARIABLE = YES;
				IPHONEOS_DEPLOYMENT_TARGET = 13.0;
				MTL_ENABLE_DEBUG_INFO = NO;
				MTL_FAST_MATH = YES;
				SDKROOT = iphoneos;
				SWIFT_COMPILATION_MODE = wholemodule;
				SWIFT_OPTIMIZATION_LEVEL = "-O";
				VALIDATE_PRODUCT = YES;
			};
			name = Release;
		};
		EDD856BF2851C2CE00D7A71D /* Debug */ = {
			isa = XCBuildConfiguration;
			buildSettings = {
				ASSETCATALOG_COMPILER_APPICON_NAME = AppIcon;
				ASSETCATALOG_COMPILER_GLOBAL_ACCENT_COLOR_NAME = AccentColor;
				CODE_SIGN_ENTITLEMENTS = NewsApp/NewsApp.entitlements;
				CODE_SIGN_STYLE = Automatic;
				CURRENT_PROJECT_VERSION = 1;
				DEVELOPMENT_TEAM = UBS68N6TVH;
				GENERATE_INFOPLIST_FILE = YES;
				INFOPLIST_FILE = NewsApp/Info.plist;
				INFOPLIST_KEY_UIApplicationSupportsIndirectInputEvents = YES;
				INFOPLIST_KEY_UILaunchStoryboardName = LaunchScreen;
				INFOPLIST_KEY_UISupportedInterfaceOrientations_iPad = "UIInterfaceOrientationPortrait UIInterfaceOrientationPortraitUpsideDown UIInterfaceOrientationLandscapeLeft UIInterfaceOrientationLandscapeRight";
				INFOPLIST_KEY_UISupportedInterfaceOrientations_iPhone = "UIInterfaceOrientationPortrait UIInterfaceOrientationLandscapeLeft UIInterfaceOrientationLandscapeRight";
				LD_RUNPATH_SEARCH_PATHS = (
					"$(inherited)",
					"@executable_path/Frameworks",
				);
				MARKETING_VERSION = 1.0;
				PRODUCT_BUNDLE_IDENTIFIER = ru.kirillsutormin.NewsApp;
				PRODUCT_NAME = "$(TARGET_NAME)";
				SUPPORTS_MACCATALYST = YES;
				SWIFT_EMIT_LOC_STRINGS = YES;
				SWIFT_VERSION = 5.0;
				TARGETED_DEVICE_FAMILY = "1,2";
			};
			name = Debug;
		};
		EDD856C02851C2CE00D7A71D /* Release */ = {
			isa = XCBuildConfiguration;
			buildSettings = {
				ASSETCATALOG_COMPILER_APPICON_NAME = AppIcon;
				ASSETCATALOG_COMPILER_GLOBAL_ACCENT_COLOR_NAME = AccentColor;
				CODE_SIGN_ENTITLEMENTS = NewsApp/NewsApp.entitlements;
				CODE_SIGN_STYLE = Automatic;
				CURRENT_PROJECT_VERSION = 1;
				DEVELOPMENT_TEAM = UBS68N6TVH;
				GENERATE_INFOPLIST_FILE = YES;
				INFOPLIST_FILE = NewsApp/Info.plist;
				INFOPLIST_KEY_UIApplicationSupportsIndirectInputEvents = YES;
				INFOPLIST_KEY_UILaunchStoryboardName = LaunchScreen;
				INFOPLIST_KEY_UISupportedInterfaceOrientations_iPad = "UIInterfaceOrientationPortrait UIInterfaceOrientationPortraitUpsideDown UIInterfaceOrientationLandscapeLeft UIInterfaceOrientationLandscapeRight";
				INFOPLIST_KEY_UISupportedInterfaceOrientations_iPhone = "UIInterfaceOrientationPortrait UIInterfaceOrientationLandscapeLeft UIInterfaceOrientationLandscapeRight";
				LD_RUNPATH_SEARCH_PATHS = (
					"$(inherited)",
					"@executable_path/Frameworks",
				);
				MARKETING_VERSION = 1.0;
				PRODUCT_BUNDLE_IDENTIFIER = ru.kirillsutormin.NewsApp;
				PRODUCT_NAME = "$(TARGET_NAME)";
				SUPPORTS_MACCATALYST = YES;
				SWIFT_EMIT_LOC_STRINGS = YES;
				SWIFT_VERSION = 5.0;
				TARGETED_DEVICE_FAMILY = "1,2";
			};
			name = Release;
		};
/* End XCBuildConfiguration section */

/* Begin XCConfigurationList section */
		C37F4C7D2AB5A65000AEE51F /* Build configuration list for PBXNativeTarget "NewsAppTests" */ = {
			isa = XCConfigurationList;
			buildConfigurations = (
				C37F4C7B2AB5A65000AEE51F /* Debug */,
				C37F4C7C2AB5A65000AEE51F /* Release */,
			);
			defaultConfigurationIsVisible = 0;
			defaultConfigurationName = Release;
		};
		EDD856A52851C2C900D7A71D /* Build configuration list for PBXProject "NewsApp" */ = {
			isa = XCConfigurationList;
			buildConfigurations = (
				EDD856BC2851C2CE00D7A71D /* Debug */,
				EDD856BD2851C2CE00D7A71D /* Release */,
			);
			defaultConfigurationIsVisible = 0;
			defaultConfigurationName = Release;
		};
		EDD856BE2851C2CE00D7A71D /* Build configuration list for PBXNativeTarget "NewsApp" */ = {
			isa = XCConfigurationList;
			buildConfigurations = (
				EDD856BF2851C2CE00D7A71D /* Debug */,
				EDD856C02851C2CE00D7A71D /* Release */,
			);
			defaultConfigurationIsVisible = 0;
			defaultConfigurationName = Release;
		};
/* End XCConfigurationList section */

/* Begin XCRemoteSwiftPackageReference section */
		C35D0C952AB5F6CC00214086 /* XCRemoteSwiftPackageReference "SnapKit" */ = {
			isa = XCRemoteSwiftPackageReference;
			repositoryURL = "https://github.com/SnapKit/SnapKit";
			requirement = {
				kind = upToNextMajorVersion;
				minimumVersion = 5.6.0;
			};
		};
		C35D0C982AB5F6D500214086 /* XCRemoteSwiftPackageReference "Kingfisher" */ = {
			isa = XCRemoteSwiftPackageReference;
			repositoryURL = "https://github.com/onevcat/Kingfisher";
			requirement = {
				kind = upToNextMajorVersion;
				minimumVersion = 7.9.1;
			};
		};
/* End XCRemoteSwiftPackageReference section */

/* Begin XCSwiftPackageProductDependency section */
		C35D0C962AB5F6CC00214086 /* SnapKit */ = {
			isa = XCSwiftPackageProductDependency;
			package = C35D0C952AB5F6CC00214086 /* XCRemoteSwiftPackageReference "SnapKit" */;
			productName = SnapKit;
		};
		C35D0C992AB5F6D500214086 /* Kingfisher */ = {
			isa = XCSwiftPackageProductDependency;
			package = C35D0C982AB5F6D500214086 /* XCRemoteSwiftPackageReference "Kingfisher" */;
			productName = Kingfisher;
		};
/* End XCSwiftPackageProductDependency section */

/* Begin XCVersionGroup section */
		EDC92FE6285C9743009D3D5D /* NewsCoreData.xcdatamodeld */ = {
			isa = XCVersionGroup;
			children = (
				EDC92FE7285C9743009D3D5D /* NewsCoreData.xcdatamodel */,
			);
			currentVersion = EDC92FE7285C9743009D3D5D /* NewsCoreData.xcdatamodel */;
			path = NewsCoreData.xcdatamodeld;
			sourceTree = "<group>";
			versionGroupType = wrapper.xcdatamodel;
		};
/* End XCVersionGroup section */
	};
	rootObject = EDD856A22851C2C900D7A71D /* Project object */;
}
